
Microsoft Visual Studio Solution File, Format Version 12.00
# Visual Studio Version 17
VisualStudioVersion = 17.12.35527.113 d17.12
MinimumVisualStudioVersion = 10.0.40219.1
Project("{FAE04EC0-301F-11D3-BF4B-00C04F79EFBC}") = "Server", "Server\Server.csproj", "{1F5ED9C6-8B1F-4776-85AB-B387CBBC5557}"
EndProject
Project("{FAE04EC0-301F-11D3-BF4B-00C04F79EFBC}") = "Core", "Libraries\Core\Core.csproj", "{AC8643DC-8779-4B4A-BBDA-2D4CC466F765}"
EndProject
Project("{FAE04EC0-301F-11D3-BF4B-00C04F79EFBC}") = "UnitTests", "UnitTests\UnitTests.csproj", "{6C0681F9-4013-4579-82DA-0A9297984FD3}"
EndProject
Project("{2150E333-8FDC-42A3-9474-1A3956D46DE8}") = "Libraries", "Libraries", "{F084DDFD-89F3-44F9-89C3-5CA11F4CDEEF}"
EndProject
Project("{2150E333-8FDC-42A3-9474-1A3956D46DE8}") = "Tools", "Tools", "{587959C2-5AFA-4B77-B327-566610F9A289}"
EndProject
Project("{FAE04EC0-301F-11D3-BF4B-00C04F79EFBC}") = "SptDependencyInjection", "Libraries\SptDependencyInjection\SptDependencyInjection.csproj", "{4B4AF50D-B2C6-47D1-B567-EA4560D8CBA1}"
EndProject
Project("{FAE04EC0-301F-11D3-BF4B-00C04F79EFBC}") = "ItemTplGenerator", "Tools\ItemTplGenerator\ItemTplGenerator.csproj", "{00897F10-1AB3-4DC7-8DF9-5EA1D0289ACF}"
EndProject
Project("{FAE04EC0-301F-11D3-BF4B-00C04F79EFBC}") = "SptCommon", "SptCommon\SptCommon.csproj", "{DB049C81-DEC0-490D-AC06-7AF4DC8C0571}"
EndProject
Project("{FAE04EC0-301F-11D3-BF4B-00C04F79EFBC}") = "SptAssets", "Libraries\SptAssets\SptAssets.csproj", "{4B973AC0-0C60-4853-9AF7-7CB69127473E}"
EndProject
Project("{FAE04EC0-301F-11D3-BF4B-00C04F79EFBC}") = "HideoutCraftQuestIdGenerator", "Tools\HideoutCraftQuestIdGenerator\HideoutCraftQuestIdGenerator.csproj", "{C24B1FEB-F8AC-434E-998D-5DA4D1687295}"
EndProject
Global
	GlobalSection(SolutionConfigurationPlatforms) = preSolution
		Debug|Any CPU = Debug|Any CPU
		Release|Any CPU = Release|Any CPU
	EndGlobalSection
	GlobalSection(ProjectConfigurationPlatforms) = postSolution
		{1F5ED9C6-8B1F-4776-85AB-B387CBBC5557}.Debug|Any CPU.ActiveCfg = Debug|Any CPU
		{1F5ED9C6-8B1F-4776-85AB-B387CBBC5557}.Debug|Any CPU.Build.0 = Debug|Any CPU
		{1F5ED9C6-8B1F-4776-85AB-B387CBBC5557}.Release|Any CPU.ActiveCfg = Release|Any CPU
		{1F5ED9C6-8B1F-4776-85AB-B387CBBC5557}.Release|Any CPU.Build.0 = Release|Any CPU
		{AC8643DC-8779-4B4A-BBDA-2D4CC466F765}.Debug|Any CPU.ActiveCfg = Debug|Any CPU
		{AC8643DC-8779-4B4A-BBDA-2D4CC466F765}.Debug|Any CPU.Build.0 = Debug|Any CPU
		{AC8643DC-8779-4B4A-BBDA-2D4CC466F765}.Release|Any CPU.ActiveCfg = Release|Any CPU
		{AC8643DC-8779-4B4A-BBDA-2D4CC466F765}.Release|Any CPU.Build.0 = Release|Any CPU
		{6C0681F9-4013-4579-82DA-0A9297984FD3}.Debug|Any CPU.ActiveCfg = Debug|Any CPU
		{6C0681F9-4013-4579-82DA-0A9297984FD3}.Debug|Any CPU.Build.0 = Debug|Any CPU
		{6C0681F9-4013-4579-82DA-0A9297984FD3}.Release|Any CPU.ActiveCfg = Release|Any CPU
		{6C0681F9-4013-4579-82DA-0A9297984FD3}.Release|Any CPU.Build.0 = Release|Any CPU
		{4B4AF50D-B2C6-47D1-B567-EA4560D8CBA1}.Debug|Any CPU.ActiveCfg = Debug|Any CPU
		{4B4AF50D-B2C6-47D1-B567-EA4560D8CBA1}.Debug|Any CPU.Build.0 = Debug|Any CPU
		{4B4AF50D-B2C6-47D1-B567-EA4560D8CBA1}.Release|Any CPU.ActiveCfg = Release|Any CPU
		{4B4AF50D-B2C6-47D1-B567-EA4560D8CBA1}.Release|Any CPU.Build.0 = Release|Any CPU
		{00897F10-1AB3-4DC7-8DF9-5EA1D0289ACF}.Debug|Any CPU.ActiveCfg = Debug|Any CPU
		{00897F10-1AB3-4DC7-8DF9-5EA1D0289ACF}.Debug|Any CPU.Build.0 = Debug|Any CPU
		{00897F10-1AB3-4DC7-8DF9-5EA1D0289ACF}.Release|Any CPU.ActiveCfg = Release|Any CPU
		{00897F10-1AB3-4DC7-8DF9-5EA1D0289ACF}.Release|Any CPU.Build.0 = Release|Any CPU
		{DB049C81-DEC0-490D-AC06-7AF4DC8C0571}.Debug|Any CPU.ActiveCfg = Debug|Any CPU
		{DB049C81-DEC0-490D-AC06-7AF4DC8C0571}.Debug|Any CPU.Build.0 = Debug|Any CPU
		{DB049C81-DEC0-490D-AC06-7AF4DC8C0571}.Release|Any CPU.ActiveCfg = Release|Any CPU
		{DB049C81-DEC0-490D-AC06-7AF4DC8C0571}.Release|Any CPU.Build.0 = Release|Any CPU
		{4B973AC0-0C60-4853-9AF7-7CB69127473E}.Debug|Any CPU.ActiveCfg = Debug|Any CPU
		{4B973AC0-0C60-4853-9AF7-7CB69127473E}.Debug|Any CPU.Build.0 = Debug|Any CPU
		{4B973AC0-0C60-4853-9AF7-7CB69127473E}.Release|Any CPU.ActiveCfg = Release|Any CPU
		{4B973AC0-0C60-4853-9AF7-7CB69127473E}.Release|Any CPU.Build.0 = Release|Any CPU
		{C24B1FEB-F8AC-434E-998D-5DA4D1687295}.Debug|Any CPU.ActiveCfg = Debug|Any CPU
		{C24B1FEB-F8AC-434E-998D-5DA4D1687295}.Debug|Any CPU.Build.0 = Debug|Any CPU
		{C24B1FEB-F8AC-434E-998D-5DA4D1687295}.Release|Any CPU.ActiveCfg = Release|Any CPU
		{C24B1FEB-F8AC-434E-998D-5DA4D1687295}.Release|Any CPU.Build.0 = Release|Any CPU
	EndGlobalSection
	GlobalSection(SolutionProperties) = preSolution
		HideSolutionNode = FALSE
	EndGlobalSection
	GlobalSection(NestedProjects) = preSolution
		{AC8643DC-8779-4B4A-BBDA-2D4CC466F765} = {F084DDFD-89F3-44F9-89C3-5CA11F4CDEEF}
		{4B4AF50D-B2C6-47D1-B567-EA4560D8CBA1} = {F084DDFD-89F3-44F9-89C3-5CA11F4CDEEF}
		{00897F10-1AB3-4DC7-8DF9-5EA1D0289ACF} = {587959C2-5AFA-4B77-B327-566610F9A289}
		{DB049C81-DEC0-490D-AC06-7AF4DC8C0571} = {F084DDFD-89F3-44F9-89C3-5CA11F4CDEEF}
		{4B973AC0-0C60-4853-9AF7-7CB69127473E} = {F084DDFD-89F3-44F9-89C3-5CA11F4CDEEF}
		{C24B1FEB-F8AC-434E-998D-5DA4D1687295} = {587959C2-5AFA-4B77-B327-566610F9A289}
	EndGlobalSection
EndGlobal
