
Microsoft Visual Studio Solution File, Format Version 12.00
# Visual Studio Version 17
VisualStudioVersion = 17.12.35527.113
MinimumVisualStudioVersion = 10.0.40219.1
Project("{FAE04EC0-301F-11D3-BF4B-00C04F79EFBC}") = "SPTarkov.Server", "SPTarkov.Server\SPTarkov.Server.csproj", "{1F5ED9C6-8B1F-4776-85AB-B387CBBC5557}"
EndProject
Project("{FAE04EC0-301F-11D3-BF4B-00C04F79EFBC}") = "SPTarkov.Server.Core", "Libraries\SPTarkov.Server.Core\SPTarkov.Server.Core.csproj", "{AC8643DC-8779-4B4A-BBDA-2D4CC466F765}"
	ProjectSection(ProjectDependencies) = postProject
		{20A5EBD3-75D1-4E06-8240-09EEF874017A} = {20A5EBD3-75D1-4E06-8240-09EEF874017A}
		{5D09182A-B0B3-406C-AE88-EE0929F9260C} = {5D09182A-B0B3-406C-AE88-EE0929F9260C}
	EndProjectSection
EndProject
Project("{2150E333-8FDC-42A3-9474-1A3956D46DE8}") = "Libraries", "Libraries", "{F084DDFD-89F3-44F9-89C3-5CA11F4CDEEF}"
EndProject
Project("{2150E333-8FDC-42A3-9474-1A3956D46DE8}") = "Tools", "Tools", "{587959C2-5AFA-4B77-B327-566610F9A289}"
EndProject
Project("{FAE04EC0-301F-11D3-BF4B-00C04F79EFBC}") = "SPTarkov.DI", "Libraries\SPTarkov.DI\SPTarkov.DI.csproj", "{4B4AF50D-B2C6-47D1-B567-EA4560D8CBA1}"
EndProject
Project("{FAE04EC0-301F-11D3-BF4B-00C04F79EFBC}") = "MongoIdTplGenerator", "Tools\MongoIdTplGenerator\MongoIdTplGenerator.csproj", "{00897F10-1AB3-4DC7-8DF9-5EA1D0289ACF}"
EndProject
Project("{FAE04EC0-301F-11D3-BF4B-00C04F79EFBC}") = "SPTarkov.Common", "Libraries\SPTarkov.Common\SPTarkov.Common.csproj", "{DB049C81-DEC0-490D-AC06-7AF4DC8C0571}"
EndProject
Project("{FAE04EC0-301F-11D3-BF4B-00C04F79EFBC}") = "SPTarkov.Server.Assets", "Libraries\SPTarkov.Server.Assets\SPTarkov.Server.Assets.csproj", "{4B973AC0-0C60-4853-9AF7-7CB69127473E}"
EndProject
Project("{FAE04EC0-301F-11D3-BF4B-00C04F79EFBC}") = "HideoutCraftQuestIdGenerator", "Tools\HideoutCraftQuestIdGenerator\HideoutCraftQuestIdGenerator.csproj", "{C24B1FEB-F8AC-434E-998D-5DA4D1687295}"
EndProject
Project("{FAE04EC0-301F-11D3-BF4B-00C04F79EFBC}") = "SPTarkov.Reflection", "Libraries\SPTarkov.Reflection\SPTarkov.Reflection.csproj", "{9073A593-A2F5-471E-9678-B896A7226FD4}"
EndProject
Project("{FAE04EC0-301F-11D3-BF4B-00C04F79EFBC}") = "JsonExtensionDataGenerator", "Tools\JsonExtensionDataGenerator\JsonExtensionDataGenerator.csproj", "{6F4670CD-6861-47A8-9A02-2B63AD73A929}"
EndProject
Project("{2150E333-8FDC-42A3-9474-1A3956D46DE8}") = "Patches", "Patches", "{9E41CD5A-271C-4294-AAF9-8EB379311416}"
EndProject
Project("{FAE04EC0-301F-11D3-BF4B-00C04F79EFBC}") = "Ceciler.Virtualizer", "Patches\Ceciler.Virtualizer\Ceciler.Virtualizer.csproj", "{20A5EBD3-75D1-4E06-8240-09EEF874017A}"
EndProject
Project("{2150E333-8FDC-42A3-9474-1A3956D46DE8}") = "Testing", "Testing", "{07B50C44-6D38-474E-87AF-68672D241EEB}"
EndProject
Project("{FAE04EC0-301F-11D3-BF4B-00C04F79EFBC}") = "Benchmarks", "Testing\Benchmarks\Benchmarks.csproj", "{3E342BAC-EE44-44E4-8E99-393F0C9F787C}"
EndProject
Project("{FAE04EC0-301F-11D3-BF4B-00C04F79EFBC}") = "UnitTests", "Testing\UnitTests\UnitTests.csproj", "{28B90486-1436-4CD7-88D0-122B6963AB58}"
EndProject
Project("{FAE04EC0-301F-11D3-BF4B-00C04F79EFBC}") = "TestMod", "Testing\TestMod\TestMod.csproj", "{755E473C-14F2-40BC-9377-2FAB11CA91DC}"
EndProject
Project("{FAE04EC0-301F-11D3-BF4B-00C04F79EFBC}") = "Ceciler.JsonExtensionData", "Patches\Ceciler.JsonExtensionData\Ceciler.JsonExtensionData.csproj", "{5D09182A-B0B3-406C-AE88-EE0929F9260C}"
EndProject
Project("{FAE04EC0-301F-11D3-BF4B-00C04F79EFBC}") = "SPTarkov.Server.Web", "Libraries\SPTarkov.Server.Web\SPTarkov.Server.Web.csproj", "{BB1EB56E-9D40-8497-5A6D-B2E35E83FA89}"
EndProject
Global
	GlobalSection(SolutionConfigurationPlatforms) = preSolution
		Debug|Any CPU = Debug|Any CPU
		Release|Any CPU = Release|Any CPU
	EndGlobalSection
	GlobalSection(ProjectConfigurationPlatforms) = postSolution
		{1F5ED9C6-8B1F-4776-85AB-B387CBBC5557}.Debug|Any CPU.ActiveCfg = Debug|Any CPU
		{1F5ED9C6-8B1F-4776-85AB-B387CBBC5557}.Debug|Any CPU.Build.0 = Debug|Any CPU
		{1F5ED9C6-8B1F-4776-85AB-B387CBBC5557}.Release|Any CPU.ActiveCfg = Release|Any CPU
		{1F5ED9C6-8B1F-4776-85AB-B387CBBC5557}.Release|Any CPU.Build.0 = Release|Any CPU
		{AC8643DC-8779-4B4A-BBDA-2D4CC466F765}.Debug|Any CPU.ActiveCfg = Debug|Any CPU
		{AC8643DC-8779-4B4A-BBDA-2D4CC466F765}.Debug|Any CPU.Build.0 = Debug|Any CPU
		{AC8643DC-8779-4B4A-BBDA-2D4CC466F765}.Release|Any CPU.ActiveCfg = Release|Any CPU
		{AC8643DC-8779-4B4A-BBDA-2D4CC466F765}.Release|Any CPU.Build.0 = Release|Any CPU
		{4B4AF50D-B2C6-47D1-B567-EA4560D8CBA1}.Debug|Any CPU.ActiveCfg = Debug|Any CPU
		{4B4AF50D-B2C6-47D1-B567-EA4560D8CBA1}.Debug|Any CPU.Build.0 = Debug|Any CPU
		{4B4AF50D-B2C6-47D1-B567-EA4560D8CBA1}.Release|Any CPU.ActiveCfg = Release|Any CPU
		{4B4AF50D-B2C6-47D1-B567-EA4560D8CBA1}.Release|Any CPU.Build.0 = Release|Any CPU
		{00897F10-1AB3-4DC7-8DF9-5EA1D0289ACF}.Debug|Any CPU.ActiveCfg = Debug|Any CPU
		{00897F10-1AB3-4DC7-8DF9-5EA1D0289ACF}.Debug|Any CPU.Build.0 = Debug|Any CPU
		{00897F10-1AB3-4DC7-8DF9-5EA1D0289ACF}.Release|Any CPU.ActiveCfg = Release|Any CPU
		{00897F10-1AB3-4DC7-8DF9-5EA1D0289ACF}.Release|Any CPU.Build.0 = Release|Any CPU
		{DB049C81-DEC0-490D-AC06-7AF4DC8C0571}.Debug|Any CPU.ActiveCfg = Debug|Any CPU
		{DB049C81-DEC0-490D-AC06-7AF4DC8C0571}.Debug|Any CPU.Build.0 = Debug|Any CPU
		{DB049C81-DEC0-490D-AC06-7AF4DC8C0571}.Release|Any CPU.ActiveCfg = Release|Any CPU
		{DB049C81-DEC0-490D-AC06-7AF4DC8C0571}.Release|Any CPU.Build.0 = Release|Any CPU
		{4B973AC0-0C60-4853-9AF7-7CB69127473E}.Debug|Any CPU.ActiveCfg = Debug|Any CPU
		{4B973AC0-0C60-4853-9AF7-7CB69127473E}.Debug|Any CPU.Build.0 = Debug|Any CPU
		{4B973AC0-0C60-4853-9AF7-7CB69127473E}.Release|Any CPU.ActiveCfg = Release|Any CPU
		{4B973AC0-0C60-4853-9AF7-7CB69127473E}.Release|Any CPU.Build.0 = Release|Any CPU
		{C24B1FEB-F8AC-434E-998D-5DA4D1687295}.Debug|Any CPU.ActiveCfg = Debug|Any CPU
		{C24B1FEB-F8AC-434E-998D-5DA4D1687295}.Debug|Any CPU.Build.0 = Debug|Any CPU
		{C24B1FEB-F8AC-434E-998D-5DA4D1687295}.Release|Any CPU.ActiveCfg = Release|Any CPU
		{C24B1FEB-F8AC-434E-998D-5DA4D1687295}.Release|Any CPU.Build.0 = Release|Any CPU
		{9073A593-A2F5-471E-9678-B896A7226FD4}.Debug|Any CPU.ActiveCfg = Debug|Any CPU
		{9073A593-A2F5-471E-9678-B896A7226FD4}.Debug|Any CPU.Build.0 = Debug|Any CPU
		{9073A593-A2F5-471E-9678-B896A7226FD4}.Release|Any CPU.ActiveCfg = Release|Any CPU
		{9073A593-A2F5-471E-9678-B896A7226FD4}.Release|Any CPU.Build.0 = Release|Any CPU
		{6F4670CD-6861-47A8-9A02-2B63AD73A929}.Debug|Any CPU.ActiveCfg = Debug|Any CPU
		{6F4670CD-6861-47A8-9A02-2B63AD73A929}.Debug|Any CPU.Build.0 = Debug|Any CPU
		{6F4670CD-6861-47A8-9A02-2B63AD73A929}.Release|Any CPU.ActiveCfg = Release|Any CPU
		{6F4670CD-6861-47A8-9A02-2B63AD73A929}.Release|Any CPU.Build.0 = Release|Any CPU
		{20A5EBD3-75D1-4E06-8240-09EEF874017A}.Debug|Any CPU.ActiveCfg = Debug|Any CPU
		{20A5EBD3-75D1-4E06-8240-09EEF874017A}.Debug|Any CPU.Build.0 = Debug|Any CPU
		{20A5EBD3-75D1-4E06-8240-09EEF874017A}.Release|Any CPU.ActiveCfg = Release|Any CPU
		{20A5EBD3-75D1-4E06-8240-09EEF874017A}.Release|Any CPU.Build.0 = Release|Any CPU
		{3E342BAC-EE44-44E4-8E99-393F0C9F787C}.Debug|Any CPU.ActiveCfg = Debug|Any CPU
		{3E342BAC-EE44-44E4-8E99-393F0C9F787C}.Debug|Any CPU.Build.0 = Debug|Any CPU
		{3E342BAC-EE44-44E4-8E99-393F0C9F787C}.Release|Any CPU.ActiveCfg = Release|Any CPU
		{3E342BAC-EE44-44E4-8E99-393F0C9F787C}.Release|Any CPU.Build.0 = Release|Any CPU
		{28B90486-1436-4CD7-88D0-122B6963AB58}.Debug|Any CPU.ActiveCfg = Debug|Any CPU
		{28B90486-1436-4CD7-88D0-122B6963AB58}.Debug|Any CPU.Build.0 = Debug|Any CPU
		{28B90486-1436-4CD7-88D0-122B6963AB58}.Release|Any CPU.ActiveCfg = Release|Any CPU
		{28B90486-1436-4CD7-88D0-122B6963AB58}.Release|Any CPU.Build.0 = Release|Any CPU
		{755E473C-14F2-40BC-9377-2FAB11CA91DC}.Debug|Any CPU.ActiveCfg = Debug|Any CPU
		{755E473C-14F2-40BC-9377-2FAB11CA91DC}.Debug|Any CPU.Build.0 = Debug|Any CPU
		{755E473C-14F2-40BC-9377-2FAB11CA91DC}.Release|Any CPU.ActiveCfg = Release|Any CPU
		{755E473C-14F2-40BC-9377-2FAB11CA91DC}.Release|Any CPU.Build.0 = Release|Any CPU
		{5D09182A-B0B3-406C-AE88-EE0929F9260C}.Debug|Any CPU.ActiveCfg = Debug|Any CPU
		{5D09182A-B0B3-406C-AE88-EE0929F9260C}.Debug|Any CPU.Build.0 = Debug|Any CPU
		{5D09182A-B0B3-406C-AE88-EE0929F9260C}.Release|Any CPU.ActiveCfg = Release|Any CPU
		{5D09182A-B0B3-406C-AE88-EE0929F9260C}.Release|Any CPU.Build.0 = Release|Any CPU
		{BB1EB56E-9D40-8497-5A6D-B2E35E83FA89}.Debug|Any CPU.ActiveCfg = Debug|Any CPU
		{BB1EB56E-9D40-8497-5A6D-B2E35E83FA89}.Debug|Any CPU.Build.0 = Debug|Any CPU
		{BB1EB56E-9D40-8497-5A6D-B2E35E83FA89}.Release|Any CPU.ActiveCfg = Release|Any CPU
		{BB1EB56E-9D40-8497-5A6D-B2E35E83FA89}.Release|Any CPU.Build.0 = Release|Any CPU
	EndGlobalSection
	GlobalSection(SolutionProperties) = preSolution
		HideSolutionNode = FALSE
	EndGlobalSection
	GlobalSection(NestedProjects) = preSolution
		{AC8643DC-8779-4B4A-BBDA-2D4CC466F765} = {F084DDFD-89F3-44F9-89C3-5CA11F4CDEEF}
		{4B4AF50D-B2C6-47D1-B567-EA4560D8CBA1} = {F084DDFD-89F3-44F9-89C3-5CA11F4CDEEF}
		{00897F10-1AB3-4DC7-8DF9-5EA1D0289ACF} = {587959C2-5AFA-4B77-B327-566610F9A289}
		{DB049C81-DEC0-490D-AC06-7AF4DC8C0571} = {F084DDFD-89F3-44F9-89C3-5CA11F4CDEEF}
		{4B973AC0-0C60-4853-9AF7-7CB69127473E} = {F084DDFD-89F3-44F9-89C3-5CA11F4CDEEF}
		{C24B1FEB-F8AC-434E-998D-5DA4D1687295} = {587959C2-5AFA-4B77-B327-566610F9A289}
		{9073A593-A2F5-471E-9678-B896A7226FD4} = {F084DDFD-89F3-44F9-89C3-5CA11F4CDEEF}
		{6F4670CD-6861-47A8-9A02-2B63AD73A929} = {587959C2-5AFA-4B77-B327-566610F9A289}
		{20A5EBD3-75D1-4E06-8240-09EEF874017A} = {9E41CD5A-271C-4294-AAF9-8EB379311416}
		{3E342BAC-EE44-44E4-8E99-393F0C9F787C} = {07B50C44-6D38-474E-87AF-68672D241EEB}
		{28B90486-1436-4CD7-88D0-122B6963AB58} = {07B50C44-6D38-474E-87AF-68672D241EEB}
		{755E473C-14F2-40BC-9377-2FAB11CA91DC} = {07B50C44-6D38-474E-87AF-68672D241EEB}
		{5D09182A-B0B3-406C-AE88-EE0929F9260C} = {9E41CD5A-271C-4294-AAF9-8EB379311416}
		{BB1EB56E-9D40-8497-5A6D-B2E35E83FA89} = {F084DDFD-89F3-44F9-89C3-5CA11F4CDEEF}
	EndGlobalSection
	GlobalSection(ExtensibilityGlobals) = postSolution
		SolutionGuid = {6F730FC0-94A8-40B8-8E0E-5D6558E8422A}
	EndGlobalSection
EndGlobal
